
Microsoft Visual Studio Solution File, Format Version 12.00
# Visual Studio 15
VisualStudioVersion = 15.0.28307.1209
MinimumVisualStudioVersion = 10.0.40219.1
Project("{9A19103F-16F7-4668-BE54-9A1E7A4F7556}") = "NETCoreLinqExamples", "NetCoreLinqExamples\NETCoreLinqExamples.csproj", "{C975078C-06BE-4C4B-A061-35A4941894F4}"
EndProject
Global
	GlobalSection(SolutionConfigurationPlatforms) = preSolution
		Debug|Any CPU = Debug|Any CPU
		Release|Any CPU = Release|Any CPU
	EndGlobalSection
	GlobalSection(ProjectConfigurationPlatforms) = postSolution
		{C975078C-06BE-4C4B-A061-35A4941894F4}.Debug|Any CPU.ActiveCfg = Debug|Any CPU
		{C975078C-06BE-4C4B-A061-35A4941894F4}.Debug|Any CPU.Build.0 = Debug|Any CPU
		{C975078C-06BE-4C4B-A061-35A4941894F4}.Release|Any CPU.ActiveCfg = Release|Any CPU
		{C975078C-06BE-4C4B-A061-35A4941894F4}.Release|Any CPU.Build.0 = Release|Any CPU
	EndGlobalSection
	GlobalSection(SolutionProperties) = preSolution
		HideSolutionNode = FALSE
	EndGlobalSection
	GlobalSection(ExtensibilityGlobals) = postSolution
		SolutionGuid = {2532F99C-3C3E-444A-957C-2B0F51D56CAA}
	EndGlobalSection
EndGlobal
